{
  "requires": true,
  "lockfileVersion": 1,
  "dependencies": {
    "dictionary-sv": {
      "version": "2.0.0",
      "resolved": "https://registry.npmjs.org/dictionary-sv/-/dictionary-sv-2.0.0.tgz",
      "integrity": "sha512-jK3aVzXXGLCjUwOtp//us41sWx+bDfP0T8oLcaWn9m3NQvKEXmzY/BhjPMEughv7ENVGE3mlNztbF/FVkVZ2Mg=="
    }
  }
}
